
Microsoft Visual Studio Solution File, Format Version 12.00
# Visual Studio 2013
VisualStudioVersion = 12.0.21005.1
MinimumVisualStudioVersion = 10.0.40219.1
Project("{FAE04EC0-301F-11D3-BF4B-00C04F79EFBC}") = "QLBH", "QLBH\QLBH.csproj", "{2E7F67B6-D627-4B29-B3DD-EDEC742152D0}"
EndProject
Project("{FAE04EC0-301F-11D3-BF4B-00C04F79EFBC}") = "CGCN.Framework", "CGCN.Framework.DataAccess\CGCN.Framework.csproj", "{26F84A3F-A2D0-4AA4-A53F-884FC99849B7}"
EndProject
Project("{FAE04EC0-301F-11D3-BF4B-00C04F79EFBC}") = "CGCN.DataAccess", "CGCN.DataAccess\CGCN.DataAccess.csproj", "{67DE1155-AE5B-4B8A-A422-2603C0972E79}"
EndProject
Project("{FAE04EC0-301F-11D3-BF4B-00C04F79EFBC}") = "CGCN.Configure", "CGCN.Configure\CGCN.Configure.csproj", "{F42A1E49-00BA-48D9-BBFF-FA5F2F02D2BB}"
EndProject
Project("{FAE04EC0-301F-11D3-BF4B-00C04F79EFBC}") = "QTHT", "QTHT\QTHT.csproj", "{C07BA54F-140C-423B-BCB5-471CC2A596EB}"
EndProject
Project("{FAE04EC0-301F-11D3-BF4B-00C04F79EFBC}") = "Ultilities", "Ultilities\Ultilities.csproj", "{20E6F39D-D995-4020-9047-84EB942303A5}"
EndProject
Project("{FAE04EC0-301F-11D3-BF4B-00C04F79EFBC}") = "DanhMuc", "DanhMuc\DanhMuc.csproj", "{C868732F-CCE5-419D-904E-80EC524F6C0F}"
EndProject
Project("{FAE04EC0-301F-11D3-BF4B-00C04F79EFBC}") = "HoaDon", "HoaDon\HoaDon.csproj", "{E8D4B867-DB56-475B-BB90-07236FA0833F}"
EndProject
Project("{FAE04EC0-301F-11D3-BF4B-00C04F79EFBC}") = "ThongKe", "ThongKe\ThongKe.csproj", "{5AE4AF4C-037E-415C-AA7B-729B54929DDE}"
EndProject
Project("{FAE04EC0-301F-11D3-BF4B-00C04F79EFBC}") = "HoaDonDataAccess", "HoaDonDataAccess\HoaDonDataAccess.csproj", "{CC13FEB5-094D-4F3D-9D26-38C3948AF807}"
EndProject
Project("{FAE04EC0-301F-11D3-BF4B-00C04F79EFBC}") = "PhieuNhapKho", "PhieuNhapKho\PhieuNhapKho.csproj", "{7B285CE5-4325-4DF6-9289-29D15EEC9E3F}"
EndProject
Global
	GlobalSection(SolutionConfigurationPlatforms) = preSolution
		Debug|Any CPU = Debug|Any CPU
		Debug|x64 = Debug|x64
		Debug|x86 = Debug|x86
		Release|Any CPU = Release|Any CPU
		Release|x64 = Release|x64
		Release|x86 = Release|x86
	EndGlobalSection
	GlobalSection(ProjectConfigurationPlatforms) = postSolution
		{2E7F67B6-D627-4B29-B3DD-EDEC742152D0}.Debug|Any CPU.ActiveCfg = Debug|Any CPU
		{2E7F67B6-D627-4B29-B3DD-EDEC742152D0}.Debug|Any CPU.Build.0 = Debug|Any CPU
		{2E7F67B6-D627-4B29-B3DD-EDEC742152D0}.Debug|x64.ActiveCfg = Debug|x86
		{2E7F67B6-D627-4B29-B3DD-EDEC742152D0}.Debug|x86.ActiveCfg = Debug|x86
		{2E7F67B6-D627-4B29-B3DD-EDEC742152D0}.Debug|x86.Build.0 = Debug|x86
		{2E7F67B6-D627-4B29-B3DD-EDEC742152D0}.Release|Any CPU.ActiveCfg = Release|Any CPU
		{2E7F67B6-D627-4B29-B3DD-EDEC742152D0}.Release|Any CPU.Build.0 = Release|Any CPU
		{2E7F67B6-D627-4B29-B3DD-EDEC742152D0}.Release|x64.ActiveCfg = Release|x86
		{2E7F67B6-D627-4B29-B3DD-EDEC742152D0}.Release|x86.ActiveCfg = Release|x86
		{2E7F67B6-D627-4B29-B3DD-EDEC742152D0}.Release|x86.Build.0 = Release|x86
		{26F84A3F-A2D0-4AA4-A53F-884FC99849B7}.Debug|Any CPU.ActiveCfg = Debug|Any CPU
		{26F84A3F-A2D0-4AA4-A53F-884FC99849B7}.Debug|Any CPU.Build.0 = Debug|Any CPU
		{26F84A3F-A2D0-4AA4-A53F-884FC99849B7}.Debug|x64.ActiveCfg = Debug|x64
		{26F84A3F-A2D0-4AA4-A53F-884FC99849B7}.Debug|x64.Build.0 = Debug|x64
		{26F84A3F-A2D0-4AA4-A53F-884FC99849B7}.Debug|x86.ActiveCfg = Debug|x64
		{26F84A3F-A2D0-4AA4-A53F-884FC99849B7}.Release|Any CPU.ActiveCfg = Release|Any CPU
		{26F84A3F-A2D0-4AA4-A53F-884FC99849B7}.Release|Any CPU.Build.0 = Release|Any CPU
		{26F84A3F-A2D0-4AA4-A53F-884FC99849B7}.Release|x64.ActiveCfg = Release|x64
		{26F84A3F-A2D0-4AA4-A53F-884FC99849B7}.Release|x64.Build.0 = Release|x64
		{26F84A3F-A2D0-4AA4-A53F-884FC99849B7}.Release|x86.ActiveCfg = Release|x64
		{67DE1155-AE5B-4B8A-A422-2603C0972E79}.Debug|Any CPU.ActiveCfg = Debug|Any CPU
		{67DE1155-AE5B-4B8A-A422-2603C0972E79}.Debug|Any CPU.Build.0 = Debug|Any CPU
		{67DE1155-AE5B-4B8A-A422-2603C0972E79}.Debug|x64.ActiveCfg = Debug|Any CPU
		{67DE1155-AE5B-4B8A-A422-2603C0972E79}.Debug|x86.ActiveCfg = Debug|Any CPU
		{67DE1155-AE5B-4B8A-A422-2603C0972E79}.Release|Any CPU.ActiveCfg = Release|Any CPU
		{67DE1155-AE5B-4B8A-A422-2603C0972E79}.Release|Any CPU.Build.0 = Release|Any CPU
		{67DE1155-AE5B-4B8A-A422-2603C0972E79}.Release|x64.ActiveCfg = Release|Any CPU
		{67DE1155-AE5B-4B8A-A422-2603C0972E79}.Release|x86.ActiveCfg = Release|Any CPU
		{F42A1E49-00BA-48D9-BBFF-FA5F2F02D2BB}.Debug|Any CPU.ActiveCfg = Debug|Any CPU
		{F42A1E49-00BA-48D9-BBFF-FA5F2F02D2BB}.Debug|Any CPU.Build.0 = Debug|Any CPU
		{F42A1E49-00BA-48D9-BBFF-FA5F2F02D2BB}.Debug|x64.ActiveCfg = Debug|Any CPU
		{F42A1E49-00BA-48D9-BBFF-FA5F2F02D2BB}.Debug|x86.ActiveCfg = Debug|Any CPU
		{F42A1E49-00BA-48D9-BBFF-FA5F2F02D2BB}.Release|Any CPU.ActiveCfg = Release|Any CPU
		{F42A1E49-00BA-48D9-BBFF-FA5F2F02D2BB}.Release|Any CPU.Build.0 = Release|Any CPU
		{F42A1E49-00BA-48D9-BBFF-FA5F2F02D2BB}.Release|x64.ActiveCfg = Release|Any CPU
		{F42A1E49-00BA-48D9-BBFF-FA5F2F02D2BB}.Release|x86.ActiveCfg = Release|Any CPU
		{C07BA54F-140C-423B-BCB5-471CC2A596EB}.Debug|Any CPU.ActiveCfg = Debug|Any CPU
		{C07BA54F-140C-423B-BCB5-471CC2A596EB}.Debug|Any CPU.Build.0 = Debug|Any CPU
		{C07BA54F-140C-423B-BCB5-471CC2A596EB}.Debug|x64.ActiveCfg = Debug|Any CPU
		{C07BA54F-140C-423B-BCB5-471CC2A596EB}.Debug|x86.ActiveCfg = Debug|Any CPU
		{C07BA54F-140C-423B-BCB5-471CC2A596EB}.Release|Any CPU.ActiveCfg = Release|Any CPU
		{C07BA54F-140C-423B-BCB5-471CC2A596EB}.Release|Any CPU.Build.0 = Release|Any CPU
		{C07BA54F-140C-423B-BCB5-471CC2A596EB}.Release|x64.ActiveCfg = Release|Any CPU
		{C07BA54F-140C-423B-BCB5-471CC2A596EB}.Release|x86.ActiveCfg = Release|Any CPU
		{20E6F39D-D995-4020-9047-84EB942303A5}.Debug|Any CPU.ActiveCfg = Debug|Any CPU
		{20E6F39D-D995-4020-9047-84EB942303A5}.Debug|Any CPU.Build.0 = Debug|Any CPU
		{20E6F39D-D995-4020-9047-84EB942303A5}.Debug|x64.ActiveCfg = Debug|Any CPU
		{20E6F39D-D995-4020-9047-84EB942303A5}.Debug|x86.ActiveCfg = Debug|Any CPU
		{20E6F39D-D995-4020-9047-84EB942303A5}.Release|Any CPU.ActiveCfg = Release|Any CPU
		{20E6F39D-D995-4020-9047-84EB942303A5}.Release|Any CPU.Build.0 = Release|Any CPU
		{20E6F39D-D995-4020-9047-84EB942303A5}.Release|x64.ActiveCfg = Release|Any CPU
		{20E6F39D-D995-4020-9047-84EB942303A5}.Release|x86.ActiveCfg = Release|Any CPU
		{C868732F-CCE5-419D-904E-80EC524F6C0F}.Debug|Any CPU.ActiveCfg = Debug|Any CPU
		{C868732F-CCE5-419D-904E-80EC524F6C0F}.Debug|Any CPU.Build.0 = Debug|Any CPU
		{C868732F-CCE5-419D-904E-80EC524F6C0F}.Debug|x64.ActiveCfg = Debug|Any CPU
		{C868732F-CCE5-419D-904E-80EC524F6C0F}.Debug|x86.ActiveCfg = Debug|Any CPU
		{C868732F-CCE5-419D-904E-80EC524F6C0F}.Release|Any CPU.ActiveCfg = Release|Any CPU
		{C868732F-CCE5-419D-904E-80EC524F6C0F}.Release|Any CPU.Build.0 = Release|Any CPU
		{C868732F-CCE5-419D-904E-80EC524F6C0F}.Release|x64.ActiveCfg = Release|Any CPU
		{C868732F-CCE5-419D-904E-80EC524F6C0F}.Release|x86.ActiveCfg = Release|Any CPU
		{E8D4B867-DB56-475B-BB90-07236FA0833F}.Debug|Any CPU.ActiveCfg = Debug|Any CPU
		{E8D4B867-DB56-475B-BB90-07236FA0833F}.Debug|Any CPU.Build.0 = Debug|Any CPU
		{E8D4B867-DB56-475B-BB90-07236FA0833F}.Debug|x64.ActiveCfg = Debug|Any CPU
		{E8D4B867-DB56-475B-BB90-07236FA0833F}.Debug|x86.ActiveCfg = Debug|Any CPU
		{E8D4B867-DB56-475B-BB90-07236FA0833F}.Release|Any CPU.ActiveCfg = Release|Any CPU
		{E8D4B867-DB56-475B-BB90-07236FA0833F}.Release|Any CPU.Build.0 = Release|Any CPU
		{E8D4B867-DB56-475B-BB90-07236FA0833F}.Release|x64.ActiveCfg = Release|Any CPU
		{E8D4B867-DB56-475B-BB90-07236FA0833F}.Release|x86.ActiveCfg = Release|Any CPU
		{5AE4AF4C-037E-415C-AA7B-729B54929DDE}.Debug|Any CPU.ActiveCfg = Debug|Any CPU
		{5AE4AF4C-037E-415C-AA7B-729B54929DDE}.Debug|Any CPU.Build.0 = Debug|Any CPU
		{5AE4AF4C-037E-415C-AA7B-729B54929DDE}.Debug|x64.ActiveCfg = Debug|Any CPU
		{5AE4AF4C-037E-415C-AA7B-729B54929DDE}.Debug|x86.ActiveCfg = Debug|Any CPU
		{5AE4AF4C-037E-415C-AA7B-729B54929DDE}.Release|Any CPU.ActiveCfg = Release|Any CPU
		{5AE4AF4C-037E-415C-AA7B-729B54929DDE}.Release|Any CPU.Build.0 = Release|Any CPU
		{5AE4AF4C-037E-415C-AA7B-729B54929DDE}.Release|x64.ActiveCfg = Release|Any CPU
		{5AE4AF4C-037E-415C-AA7B-729B54929DDE}.Release|x86.ActiveCfg = Release|Any CPU
		{CC13FEB5-094D-4F3D-9D26-38C3948AF807}.Debug|Any CPU.ActiveCfg = Debug|Any CPU
		{CC13FEB5-094D-4F3D-9D26-38C3948AF807}.Debug|Any CPU.Build.0 = Debug|Any CPU
		{CC13FEB5-094D-4F3D-9D26-38C3948AF807}.Debug|x64.ActiveCfg = Debug|Any CPU
		{CC13FEB5-094D-4F3D-9D26-38C3948AF807}.Debug|x86.ActiveCfg = Debug|Any CPU
		{CC13FEB5-094D-4F3D-9D26-38C3948AF807}.Release|Any CPU.ActiveCfg = Release|Any CPU
		{CC13FEB5-094D-4F3D-9D26-38C3948AF807}.Release|Any CPU.Build.0 = Release|Any CPU
		{CC13FEB5-094D-4F3D-9D26-38C3948AF807}.Release|x64.ActiveCfg = Release|Any CPU
		{CC13FEB5-094D-4F3D-9D26-38C3948AF807}.Release|x86.ActiveCfg = Release|Any CPU
		{7B285CE5-4325-4DF6-9289-29D15EEC9E3F}.Debug|Any CPU.ActiveCfg = Debug|Any CPU
		{7B285CE5-4325-4DF6-9289-29D15EEC9E3F}.Debug|Any CPU.Build.0 = Debug|Any CPU
		{7B285CE5-4325-4DF6-9289-29D15EEC9E3F}.Debug|x64.ActiveCfg = Debug|Any CPU
		{7B285CE5-4325-4DF6-9289-29D15EEC9E3F}.Debug|x86.ActiveCfg = Debug|Any CPU
		{7B285CE5-4325-4DF6-9289-29D15EEC9E3F}.Release|Any CPU.ActiveCfg = Release|Any CPU
		{7B285CE5-4325-4DF6-9289-29D15EEC9E3F}.Release|Any CPU.Build.0 = Release|Any CPU
		{7B285CE5-4325-4DF6-9289-29D15EEC9E3F}.Release|x64.ActiveCfg = Release|Any CPU
		{7B285CE5-4325-4DF6-9289-29D15EEC9E3F}.Release|x86.ActiveCfg = Release|Any CPU
	EndGlobalSection
	GlobalSection(SolutionProperties) = preSolution
		HideSolutionNode = FALSE
	EndGlobalSection
EndGlobal
